// !$*UTF8*$!
{
	archiveVersion = 1;
	classes = {
	};
	objectVersion = 46;
	objects = {

/* Begin PBXBuildFile section */
		BC48373C1F2343510002DD18 /* AppDelegate.swift in Sources */ = {isa = PBXBuildFile; fileRef = BC48373B1F2343510002DD18 /* AppDelegate.swift */; };
		BC48373E1F2343510002DD18 /* ViewController.swift in Sources */ = {isa = PBXBuildFile; fileRef = BC48373D1F2343510002DD18 /* ViewController.swift */; };
		BC4837411F2343510002DD18 /* Main.storyboard in Resources */ = {isa = PBXBuildFile; fileRef = BC48373F1F2343510002DD18 /* Main.storyboard */; };
		BC4837431F2343510002DD18 /* Assets.xcassets in Resources */ = {isa = PBXBuildFile; fileRef = BC4837421F2343510002DD18 /* Assets.xcassets */; };
		BC4837461F2343510002DD18 /* LaunchScreen.storyboard in Resources */ = {isa = PBXBuildFile; fileRef = BC4837441F2343510002DD18 /* LaunchScreen.storyboard */; };
		BC4837511F2343510002DD18 /* TechPodTests.swift in Sources */ = {isa = PBXBuildFile; fileRef = BC4837501F2343510002DD18 /* TechPodTests.swift */; };
		BC48375C1F2343510002DD18 /* TechPodUITests.swift in Sources */ = {isa = PBXBuildFile; fileRef = BC48375B1F2343510002DD18 /* TechPodUITests.swift */; };
/* End PBXBuildFile section */

/* Begin PBXContainerItemProxy section */
		BC48374D1F2343510002DD18 /* PBXContainerItemProxy */ = {
			isa = PBXContainerItemProxy;
			containerPortal = BC4837301F2343510002DD18 /* Project object */;
			proxyType = 1;
			remoteGlobalIDString = BC4837371F2343510002DD18;
			remoteInfo = TechPod;
		};
		BC4837581F2343510002DD18 /* PBXContainerItemProxy */ = {
			isa = PBXContainerItemProxy;
			containerPortal = BC4837301F2343510002DD18 /* Project object */;
			proxyType = 1;
			remoteGlobalIDString = BC4837371F2343510002DD18;
			remoteInfo = TechPod;
		};
/* End PBXContainerItemProxy section */

/* Begin PBXFileReference section */
		BC4837381F2343510002DD18 /* TechPod.app */ = {isa = PBXFileReference; explicitFileType = wrapper.application; includeInIndex = 0; path = TechPod.app; sourceTree = BUILT_PRODUCTS_DIR; };
		BC48373B1F2343510002DD18 /* AppDelegate.swift */ = {isa = PBXFileReference; lastKnownFileType = sourcecode.swift; path = AppDelegate.swift; sourceTree = "<group>"; };
		BC48373D1F2343510002DD18 /* ViewController.swift */ = {isa = PBXFileReference; lastKnownFileType = sourcecode.swift; path = ViewController.swift; sourceTree = "<group>"; };
		BC4837401F2343510002DD18 /* Base */ = {isa = PBXFileReference; lastKnownFileType = file.storyboard; name = Base; path = Base.lproj/Main.storyboard; sourceTree = "<group>"; };
		BC4837421F2343510002DD18 /* Assets.xcassets */ = {isa = PBXFileReference; lastKnownFileType = folder.assetcatalog; path = Assets.xcassets; sourceTree = "<group>"; };
		BC4837451F2343510002DD18 /* Base */ = {isa = PBXFileReference; lastKnownFileType = file.storyboard; name = Base; path = Base.lproj/LaunchScreen.storyboard; sourceTree = "<group>"; };
		BC4837471F2343510002DD18 /* Info.plist */ = {isa = PBXFileReference; lastKnownFileType = text.plist.xml; path = Info.plist; sourceTree = "<group>"; };
		BC48374C1F2343510002DD18 /* TechPodTests.xctest */ = {isa = PBXFileReference; explicitFileType = wrapper.cfbundle; includeInIndex = 0; path = TechPodTests.xctest; sourceTree = BUILT_PRODUCTS_DIR; };
		BC4837501F2343510002DD18 /* TechPodTests.swift */ = {isa = PBXFileReference; lastKnownFileType = sourcecode.swift; path = TechPodTests.swift; sourceTree = "<group>"; };
		BC4837521F2343510002DD18 /* Info.plist */ = {isa = PBXFileReference; lastKnownFileType = text.plist.xml; path = Info.plist; sourceTree = "<group>"; };
		BC4837571F2343510002DD18 /* TechPodUITests.xctest */ = {isa = PBXFileReference; explicitFileType = wrapper.cfbundle; includeInIndex = 0; path = TechPodUITests.xctest; sourceTree = BUILT_PRODUCTS_DIR; };
		BC48375B1F2343510002DD18 /* TechPodUITests.swift */ = {isa = PBXFileReference; lastKnownFileType = sourcecode.swift; path = TechPodUITests.swift; sourceTree = "<group>"; };
		BC48375D1F2343510002DD18 /* Info.plist */ = {isa = PBXFileReference; lastKnownFileType = text.plist.xml; path = Info.plist; sourceTree = "<group>"; };
/* End PBXFileReference section */

/* Begin PBXFrameworksBuildPhase section */
		BC4837351F2343510002DD18 /* Frameworks */ = {
			isa = PBXFrameworksBuildPhase;
			buildActionMask = 2147483647;
			files = (
			);
			runOnlyForDeploymentPostprocessing = 0;
		};
		BC4837491F2343510002DD18 /* Frameworks */ = {
			isa = PBXFrameworksBuildPhase;
			buildActionMask = 2147483647;
			files = (
			);
			runOnlyForDeploymentPostprocessing = 0;
		};
		BC4837541F2343510002DD18 /* Frameworks */ = {
			isa = PBXFrameworksBuildPhase;
			buildActionMask = 2147483647;
			files = (
			);
			runOnlyForDeploymentPostprocessing = 0;
		};
/* End PBXFrameworksBuildPhase section */

/* Begin PBXGroup section */
		BC48372F1F2343510002DD18 = {
			isa = PBXGroup;
			children = (
				BC48373A1F2343510002DD18 /* TechPod */,
				BC48374F1F2343510002DD18 /* TechPodTests */,
				BC48375A1F2343510002DD18 /* TechPodUITests */,
				BC4837391F2343510002DD18 /* Products */,
			);
			sourceTree = "<group>";
		};
		BC4837391F2343510002DD18 /* Products */ = {
			isa = PBXGroup;
			children = (
				BC4837381F2343510002DD18 /* TechPod.app */,
				BC48374C1F2343510002DD18 /* TechPodTests.xctest */,
				BC4837571F2343510002DD18 /* TechPodUITests.xctest */,
			);
			name = Products;
			sourceTree = "<group>";
		};
		BC48373A1F2343510002DD18 /* TechPod */ = {
			isa = PBXGroup;
			children = (
				BC48373B1F2343510002DD18 /* AppDelegate.swift */,
				BC48373D1F2343510002DD18 /* ViewController.swift */,
				BC48373F1F2343510002DD18 /* Main.storyboard */,
				BC4837421F2343510002DD18 /* Assets.xcassets */,
				BC4837441F2343510002DD18 /* LaunchScreen.storyboard */,
				BC4837471F2343510002DD18 /* Info.plist */,
			);
			path = TechPod;
			sourceTree = "<group>";
		};
		BC48374F1F2343510002DD18 /* TechPodTests */ = {
			isa = PBXGroup;
			children = (
				BC4837501F2343510002DD18 /* TechPodTests.swift */,
				BC4837521F2343510002DD18 /* Info.plist */,
			);
			path = TechPodTests;
			sourceTree = "<group>";
		};
		BC48375A1F2343510002DD18 /* TechPodUITests */ = {
			isa = PBXGroup;
			children = (
				BC48375B1F2343510002DD18 /* TechPodUITests.swift */,
				BC48375D1F2343510002DD18 /* Info.plist */,
			);
			path = TechPodUITests;
			sourceTree = "<group>";
		};
/* End PBXGroup section */

/* Begin PBXNativeTarget section */
		BC4837371F2343510002DD18 /* TechPod */ = {
			isa = PBXNativeTarget;
			buildConfigurationList = BC4837601F2343510002DD18 /* Build configuration list for PBXNativeTarget "TechPod" */;
			buildPhases = (
				BC4837341F2343510002DD18 /* Sources */,
				BC4837351F2343510002DD18 /* Frameworks */,
				BC4837361F2343510002DD18 /* Resources */,
			);
			buildRules = (
			);
			dependencies = (
			);
			name = TechPod;
			productName = TechPod;
			productReference = BC4837381F2343510002DD18 /* TechPod.app */;
			productType = "com.apple.product-type.application";
		};
		BC48374B1F2343510002DD18 /* TechPodTests */ = {
			isa = PBXNativeTarget;
			buildConfigurationList = BC4837631F2343510002DD18 /* Build configuration list for PBXNativeTarget "TechPodTests" */;
			buildPhases = (
				BC4837481F2343510002DD18 /* Sources */,
				BC4837491F2343510002DD18 /* Frameworks */,
				BC48374A1F2343510002DD18 /* Resources */,
			);
			buildRules = (
			);
			dependencies = (
				BC48374E1F2343510002DD18 /* PBXTargetDependency */,
			);
			name = TechPodTests;
			productName = TechPodTests;
			productReference = BC48374C1F2343510002DD18 /* TechPodTests.xctest */;
			productType = "com.apple.product-type.bundle.unit-test";
		};
		BC4837561F2343510002DD18 /* TechPodUITests */ = {
			isa = PBXNativeTarget;
			buildConfigurationList = BC4837661F2343510002DD18 /* Build configuration list for PBXNativeTarget "TechPodUITests" */;
			buildPhases = (
				BC4837531F2343510002DD18 /* Sources */,
				BC4837541F2343510002DD18 /* Frameworks */,
				BC4837551F2343510002DD18 /* Resources */,
			);
			buildRules = (
			);
			dependencies = (
				BC4837591F2343510002DD18 /* PBXTargetDependency */,
			);
			name = TechPodUITests;
			productName = TechPodUITests;
			productReference = BC4837571F2343510002DD18 /* TechPodUITests.xctest */;
			productType = "com.apple.product-type.bundle.ui-testing";
		};
/* End PBXNativeTarget section */

/* Begin PBXProject section */
		BC4837301F2343510002DD18 /* Project object */ = {
			isa = PBXProject;
			attributes = {
				LastSwiftUpdateCheck = 0830;
				LastUpgradeCheck = 0830;
				ORGANIZATIONNAME = "Tsukuru Mio";
				TargetAttributes = {
					BC4837371F2343510002DD18 = {
						CreatedOnToolsVersion = 8.3.3;
						ProvisioningStyle = Automatic;
					};
					BC48374B1F2343510002DD18 = {
						CreatedOnToolsVersion = 8.3.3;
						ProvisioningStyle = Automatic;
						TestTargetID = BC4837371F2343510002DD18;
					};
					BC4837561F2343510002DD18 = {
						CreatedOnToolsVersion = 8.3.3;
						ProvisioningStyle = Automatic;
						TestTargetID = BC4837371F2343510002DD18;
					};
				};
			};
			buildConfigurationList = BC4837331F2343510002DD18 /* Build configuration list for PBXProject "TechPod" */;
			compatibilityVersion = "Xcode 3.2";
			developmentRegion = English;
			hasScannedForEncodings = 0;
			knownRegions = (
				en,
				Base,
			);
			mainGroup = BC48372F1F2343510002DD18;
			productRefGroup = BC4837391F2343510002DD18 /* Products */;
			projectDirPath = "";
			projectRoot = "";
			targets = (
				BC4837371F2343510002DD18 /* TechPod */,
				BC48374B1F2343510002DD18 /* TechPodTests */,
				BC4837561F2343510002DD18 /* TechPodUITests */,
			);
		};
/* End PBXProject section */

/* Begin PBXResourcesBuildPhase section */
		BC4837361F2343510002DD18 /* Resources */ = {
			isa = PBXResourcesBuildPhase;
			buildActionMask = 2147483647;
			files = (
				BC4837461F2343510002DD18 /* LaunchScreen.storyboard in Resources */,
				BC4837431F2343510002DD18 /* Assets.xcassets in Resources */,
				BC4837411F2343510002DD18 /* Main.storyboard in Resources */,
			);
			runOnlyForDeploymentPostprocessing = 0;
		};
		BC48374A1F2343510002DD18 /* Resources */ = {
			isa = PBXResourcesBuildPhase;
			buildActionMask = 2147483647;
			files = (
			);
			runOnlyForDeploymentPostprocessing = 0;
		};
		BC4837551F2343510002DD18 /* Resources */ = {
			isa = PBXResourcesBuildPhase;
			buildActionMask = 2147483647;
			files = (
			);
			runOnlyForDeploymentPostprocessing = 0;
		};
/* End PBXResourcesBuildPhase section */

/* Begin PBXSourcesBuildPhase section */
		BC4837341F2343510002DD18 /* Sources */ = {
			isa = PBXSourcesBuildPhase;
			buildActionMask = 2147483647;
			files = (
				BC48373E1F2343510002DD18 /* ViewController.swift in Sources */,
				BC48373C1F2343510002DD18 /* AppDelegate.swift in Sources */,
			);
			runOnlyForDeploymentPostprocessing = 0;
		};
		BC4837481F2343510002DD18 /* Sources */ = {
			isa = PBXSourcesBuildPhase;
			buildActionMask = 2147483647;
			files = (
				BC4837511F2343510002DD18 /* TechPodTests.swift in Sources */,
			);
			runOnlyForDeploymentPostprocessing = 0;
		};
		BC4837531F2343510002DD18 /* Sources */ = {
			isa = PBXSourcesBuildPhase;
			buildActionMask = 2147483647;
			files = (
				BC48375C1F2343510002DD18 /* TechPodUITests.swift in Sources */,
			);
			runOnlyForDeploymentPostprocessing = 0;
		};
/* End PBXSourcesBuildPhase section */

/* Begin PBXTargetDependency section */
		BC48374E1F2343510002DD18 /* PBXTargetDependency */ = {
			isa = PBXTargetDependency;
			target = BC4837371F2343510002DD18 /* TechPod */;
			targetProxy = BC48374D1F2343510002DD18 /* PBXContainerItemProxy */;
		};
		BC4837591F2343510002DD18 /* PBXTargetDependency */ = {
			isa = PBXTargetDependency;
			target = BC4837371F2343510002DD18 /* TechPod */;
			targetProxy = BC4837581F2343510002DD18 /* PBXContainerItemProxy */;
		};
/* End PBXTargetDependency section */

/* Begin PBXVariantGroup section */
		BC48373F1F2343510002DD18 /* Main.storyboard */ = {
			isa = PBXVariantGroup;
			children = (
				BC4837401F2343510002DD18 /* Base */,
			);
			name = Main.storyboard;
			sourceTree = "<group>";
		};
		BC4837441F2343510002DD18 /* LaunchScreen.storyboard */ = {
			isa = PBXVariantGroup;
			children = (
				BC4837451F2343510002DD18 /* Base */,
			);
			name = LaunchScreen.storyboard;
			sourceTree = "<group>";
		};
/* End PBXVariantGroup section */

/* Begin XCBuildConfiguration section */
		BC48375E1F2343510002DD18 /* Debug */ = {
			isa = XCBuildConfiguration;
			buildSettings = {
				ALWAYS_SEARCH_USER_PATHS = NO;
				CLANG_ANALYZER_NONNULL = YES;
				CLANG_ANALYZER_NUMBER_OBJECT_CONVERSION = YES_AGGRESSIVE;
				CLANG_CXX_LANGUAGE_STANDARD = "gnu++0x";
				CLANG_CXX_LIBRARY = "libc++";
				CLANG_ENABLE_MODULES = YES;
				CLANG_ENABLE_OBJC_ARC = YES;
				CLANG_WARN_BOOL_CONVERSION = YES;
				CLANG_WARN_CONSTANT_CONVERSION = YES;
				CLANG_WARN_DIRECT_OBJC_ISA_USAGE = YES_ERROR;
				CLANG_WARN_DOCUMENTATION_COMMENTS = YES;
				CLANG_WARN_EMPTY_BODY = YES;
				CLANG_WARN_ENUM_CONVERSION = YES;
				CLANG_WARN_INFINITE_RECURSION = YES;
				CLANG_WARN_INT_CONVERSION = YES;
				CLANG_WARN_OBJC_ROOT_CLASS = YES_ERROR;
				CLANG_WARN_SUSPICIOUS_MOVE = YES;
				CLANG_WARN_UNREACHABLE_CODE = YES;
				CLANG_WARN__DUPLICATE_METHOD_MATCH = YES;
				"CODE_SIGN_IDENTITY[sdk=iphoneos*]" = "iPhone Developer";
				COPY_PHASE_STRIP = NO;
				DEBUG_INFORMATION_FORMAT = dwarf;
				ENABLE_STRICT_OBJC_MSGSEND = YES;
				ENABLE_TESTABILITY = YES;
				GCC_C_LANGUAGE_STANDARD = gnu99;
				GCC_DYNAMIC_NO_PIC = NO;
				GCC_NO_COMMON_BLOCKS = YES;
				GCC_OPTIMIZATION_LEVEL = 0;
				GCC_PREPROCESSOR_DEFINITIONS = (
					"DEBUG=1",
					"$(inherited)",
				);
				GCC_WARN_64_TO_32_BIT_CONVERSION = YES;
				GCC_WARN_ABOUT_RETURN_TYPE = YES_ERROR;
				GCC_WARN_UNDECLARED_SELECTOR = YES;
				GCC_WARN_UNINITIALIZED_AUTOS = YES_AGGRESSIVE;
				GCC_WARN_UNUSED_FUNCTION = YES;
				GCC_WARN_UNUSED_VARIABLE = YES;
				IPHONEOS_DEPLOYMENT_TARGET = 10.3;
				MTL_ENABLE_DEBUG_INFO = YES;
				ONLY_ACTIVE_ARCH = YES;
				SDKROOT = iphoneos;
				SWIFT_ACTIVE_COMPILATION_CONDITIONS = DEBUG;
				SWIFT_OPTIMIZATION_LEVEL = "-Onone";
			};
			name = Debug;
		};
		BC48375F1F2343510002DD18 /* Release */ = {
			isa = XCBuildConfiguration;
			buildSettings = {
				ALWAYS_SEARCH_USER_PATHS = NO;
				CLANG_ANALYZER_NONNULL = YES;
				CLANG_ANALYZER_NUMBER_OBJECT_CONVERSION = YES_AGGRESSIVE;
				CLANG_CXX_LANGUAGE_STANDARD = "gnu++0x";
				CLANG_CXX_LIBRARY = "libc++";
				CLANG_ENABLE_MODULES = YES;
				CLANG_ENABLE_OBJC_ARC = YES;
				CLANG_WARN_BOOL_CONVERSION = YES;
				CLANG_WARN_CONSTANT_CONVERSION = YES;
				CLANG_WARN_DIRECT_OBJC_ISA_USAGE = YES_ERROR;
				CLANG_WARN_DOCUMENTATION_COMMENTS = YES;
				CLANG_WARN_EMPTY_BODY = YES;
				CLANG_WARN_ENUM_CONVERSION = YES;
				CLANG_WARN_INFINITE_RECURSION = YES;
				CLANG_WARN_INT_CONVERSION = YES;
				CLANG_WARN_OBJC_ROOT_CLASS = YES_ERROR;
				CLANG_WARN_SUSPICIOUS_MOVE = YES;
				CLANG_WARN_UNREACHABLE_CODE = YES;
				CLANG_WARN__DUPLICATE_METHOD_MATCH = YES;
				"CODE_SIGN_IDENTITY[sdk=iphoneos*]" = "iPhone Developer";
				COPY_PHASE_STRIP = NO;
				DEBUG_INFORMATION_FORMAT = "dwarf-with-dsym";
				ENABLE_NS_ASSERTIONS = NO;
				ENABLE_STRICT_OBJC_MSGSEND = YES;
				GCC_C_LANGUAGE_STANDARD = gnu99;
				GCC_NO_COMMON_BLOCKS = YES;
				GCC_WARN_64_TO_32_BIT_CONVERSION = YES;
				GCC_WARN_ABOUT_RETURN_TYPE = YES_ERROR;
				GCC_WARN_UNDECLARED_SELECTOR = YES;
				GCC_WARN_UNINITIALIZED_AUTOS = YES_AGGRESSIVE;
				GCC_WARN_UNUSED_FUNCTION = YES;
				GCC_WARN_UNUSED_VARIABLE = YES;
				IPHONEOS_DEPLOYMENT_TARGET = 10.3;
				MTL_ENABLE_DEBUG_INFO = NO;
				SDKROOT = iphoneos;
				SWIFT_OPTIMIZATION_LEVEL = "-Owholemodule";
				VALIDATE_PRODUCT = YES;
			};
			name = Release;
		};
		BC4837611F2343510002DD18 /* Debug */ = {
			isa = XCBuildConfiguration;
			buildSettings = {
				ASSETCATALOG_COMPILER_APPICON_NAME = AppIcon;
				INFOPLIST_FILE = TechPod/Info.plist;
				LD_RUNPATH_SEARCH_PATHS = "$(inherited) @executable_path/Frameworks";
				PRODUCT_BUNDLE_IDENTIFIER = com.litech.TechPod;
				PRODUCT_NAME = "$(TARGET_NAME)";
				SWIFT_VERSION = 3.0;
			};
			name = Debug;
		};
		BC4837621F2343510002DD18 /* Release */ = {
			isa = XCBuildConfiguration;
			buildSettings = {
				ASSETCATALOG_COMPILER_APPICON_NAME = AppIcon;
				INFOPLIST_FILE = TechPod/Info.plist;
				LD_RUNPATH_SEARCH_PATHS = "$(inherited) @executable_path/Frameworks";
				PRODUCT_BUNDLE_IDENTIFIER = com.litech.TechPod;
				PRODUCT_NAME = "$(TARGET_NAME)";
				SWIFT_VERSION = 3.0;
			};
			name = Release;
		};
		BC4837641F2343510002DD18 /* Debug */ = {
			isa = XCBuildConfiguration;
			buildSettings = {
				ALWAYS_EMBED_SWIFT_STANDARD_LIBRARIES = YES;
				BUNDLE_LOADER = "$(TEST_HOST)";
				INFOPLIST_FILE = TechPodTests/Info.plist;
				LD_RUNPATH_SEARCH_PATHS = "$(inherited) @executable_path/Frameworks @loader_path/Frameworks";
				PRODUCT_BUNDLE_IDENTIFIER = com.litech.TechPodTests;
				PRODUCT_NAME = "$(TARGET_NAME)";
				SWIFT_VERSION = 3.0;
				TEST_HOST = "$(BUILT_PRODUCTS_DIR)/TechPod.app/TechPod";
			};
			name = Debug;
		};
		BC4837651F2343510002DD18 /* Release */ = {
			isa = XCBuildConfiguration;
			buildSettings = {
				ALWAYS_EMBED_SWIFT_STANDARD_LIBRARIES = YES;
				BUNDLE_LOADER = "$(TEST_HOST)";
				INFOPLIST_FILE = TechPodTests/Info.plist;
				LD_RUNPATH_SEARCH_PATHS = "$(inherited) @executable_path/Frameworks @loader_path/Frameworks";
				PRODUCT_BUNDLE_IDENTIFIER = com.litech.TechPodTests;
				PRODUCT_NAME = "$(TARGET_NAME)";
				SWIFT_VERSION = 3.0;
				TEST_HOST = "$(BUILT_PRODUCTS_DIR)/TechPod.app/TechPod";
			};
			name = Release;
		};
		BC4837671F2343510002DD18 /* Debug */ = {
			isa = XCBuildConfiguration;
			buildSettings = {
				ALWAYS_EMBED_SWIFT_STANDARD_LIBRARIES = YES;
				INFOPLIST_FILE = TechPodUITests/Info.plist;
				LD_RUNPATH_SEARCH_PATHS = "$(inherited) @executable_path/Frameworks @loader_path/Frameworks";
				PRODUCT_BUNDLE_IDENTIFIER = com.litech.TechPodUITests;
				PRODUCT_NAME = "$(TARGET_NAME)";
				SWIFT_VERSION = 3.0;
				TEST_TARGET_NAME = TechPod;
			};
			name = Debug;
		};
		BC4837681F2343510002DD18 /* Release */ = {
			isa = XCBuildConfiguration;
			buildSettings = {
				ALWAYS_EMBED_SWIFT_STANDARD_LIBRARIES = YES;
				INFOPLIST_FILE = TechPodUITests/Info.plist;
				LD_RUNPATH_SEARCH_PATHS = "$(inherited) @executable_path/Frameworks @loader_path/Frameworks";
				PRODUCT_BUNDLE_IDENTIFIER = com.litech.TechPodUITests;
				PRODUCT_NAME = "$(TARGET_NAME)";
				SWIFT_VERSION = 3.0;
				TEST_TARGET_NAME = TechPod;
			};
			name = Release;
		};
/* End XCBuildConfiguration section */

/* Begin XCConfigurationList section */
		BC4837331F2343510002DD18 /* Build configuration list for PBXProject "TechPod" */ = {
			isa = XCConfigurationList;
			buildConfigurations = (
				BC48375E1F2343510002DD18 /* Debug */,
				BC48375F1F2343510002DD18 /* Release */,
			);
			defaultConfigurationIsVisible = 0;
			defaultConfigurationName = Release;
		};
		BC4837601F2343510002DD18 /* Build configuration list for PBXNativeTarget "TechPod" */ = {
			isa = XCConfigurationList;
			buildConfigurations = (
				BC4837611F2343510002DD18 /* Debug */,
				BC4837621F2343510002DD18 /* Release */,
			);
			defaultConfigurationIsVisible = 0;
		};
		BC4837631F2343510002DD18 /* Build configuration list for PBXNativeTarget "TechPodTests" */ = {
			isa = XCConfigurationList;
			buildConfigurations = (
				BC4837641F2343510002DD18 /* Debug */,
				BC4837651F2343510002DD18 /* Release */,
			);
			defaultConfigurationIsVisible = 0;
		};
		BC4837661F2343510002DD18 /* Build configuration list for PBXNativeTarget "TechPodUITests" */ = {
			isa = XCConfigurationList;
			buildConfigurations = (
				BC4837671F2343510002DD18 /* Debug */,
				BC4837681F2343510002DD18 /* Release */,
			);
			defaultConfigurationIsVisible = 0;
		};
/* End XCConfigurationList section */
	};
	rootObject = BC4837301F2343510002DD18 /* Project object */;
}
